
Microsoft Visual Studio Solution File, Format Version 12.00
# Visual Studio Version 17
VisualStudioVersion = 17.13.35825.156 d17.13
MinimumVisualStudioVersion = 10.0.40219.1
Project("{888888A0-9F3D-457C-B088-3A5042F75D52}") = "SheepChick", "SheepChick.pyproj", "{A91BB2B8-7717-451B-B4A1-0F03864CC99E}"
EndProject
Global
	GlobalSection(SolutionConfigurationPlatforms) = preSolution
		Debug|Any CPU = Debug|Any CPU
		Release|Any CPU = Release|Any CPU
	EndGlobalSection
	GlobalSection(ProjectConfigurationPlatforms) = postSolution
		{A91BB2B8-7717-451B-B4A1-0F03864CC99E}.Debug|Any CPU.ActiveCfg = Debug|Any CPU
		{A91BB2B8-7717-451B-B4A1-0F03864CC99E}.Release|Any CPU.ActiveCfg = Release|Any CPU
	EndGlobalSection
	GlobalSection(SolutionProperties) = preSolution
		HideSolutionNode = FALSE
	EndGlobalSection
	GlobalSection(ExtensibilityGlobals) = postSolution
		SolutionGuid = {037D128C-24AA-4C9C-9A17-145E8FBD5262}
	EndGlobalSection
EndGlobal
